
Microsoft Visual Studio Solution File, Format Version 10.00
# Visual Studio 2008
Project("{FAE04EC0-301F-11D3-BF4B-00C04F79EFBC}") = "Nokia E63 Contacts Converter", "Nokia E63 Contacts Converter\Nokia E63 Contacts Converter.csproj", "{B04BBAA3-45A7-4A05-9129-A2F44F674DDB}"
EndProject
Global
	GlobalSection(SolutionConfigurationPlatforms) = preSolution
		Debug|Any CPU = Debug|Any CPU
		Release|Any CPU = Release|Any CPU
	EndGlobalSection
	GlobalSection(ProjectConfigurationPlatforms) = postSolution
		{B04BBAA3-45A7-4A05-9129-A2F44F674DDB}.Debug|Any CPU.ActiveCfg = Debug|Any CPU
		{B04BBAA3-45A7-4A05-9129-A2F44F674DDB}.Debug|Any CPU.Build.0 = Debug|Any CPU
		{B04BBAA3-45A7-4A05-9129-A2F44F674DDB}.Release|Any CPU.ActiveCfg = Release|Any CPU
		{B04BBAA3-45A7-4A05-9129-A2F44F674DDB}.Release|Any CPU.Build.0 = Release|Any CPU
	EndGlobalSection
	GlobalSection(SolutionProperties) = preSolution
		HideSolutionNode = FALSE
	EndGlobalSection
EndGlobal
